
Microsoft Visual Studio Solution File, Format Version 12.00
# Visual Studio Version 17
VisualStudioVersion = 17.0.32014.148
MinimumVisualStudioVersion = 10.0.40219.1
Project("{FAE04EC0-301F-11D3-BF4B-00C04F79EFBC}") = "01-ByteBank", "01-ByteBank\01-ByteBank.csproj", "{1F372260-F8A1-48E3-85F2-2E97DCF2CD47}"
EndProject
Project("{FAE04EC0-301F-11D3-BF4B-00C04F79EFBC}") = "02-ByteBank", "02-ByteBank\02-ByteBank.csproj", "{4215DC0C-4DD5-43D3-AF95-EE51B4C3543F}"
EndProject
Project("{FAE04EC0-301F-11D3-BF4B-00C04F79EFBC}") = "03-ByteBank", "03-ByteBank\03-ByteBank.csproj", "{439117C2-8482-4602-9857-744DC7EB97DA}"
EndProject
Project("{FAE04EC0-301F-11D3-BF4B-00C04F79EFBC}") = "04-ByteBank", "04-ByteBank\04-ByteBank.csproj", "{2EF89708-6120-4077-BEC8-FEF8380AC1FE}"
EndProject
Project("{FAE04EC0-301F-11D3-BF4B-00C04F79EFBC}") = "05 - ByteBank", "05 - ByteBank\05 - ByteBank.csproj", "{EEF9625A-5BE8-48B8-9722-7E3A684AAE1C}"
EndProject
Project("{FAE04EC0-301F-11D3-BF4B-00C04F79EFBC}") = "06 - ByteBank", "06 - ByteBank\06 - ByteBank.csproj", "{50A90EF3-B799-47AE-AC27-DBCF2AB53E39}"
EndProject
Global
	GlobalSection(SolutionConfigurationPlatforms) = preSolution
		Debug|Any CPU = Debug|Any CPU
		Release|Any CPU = Release|Any CPU
	EndGlobalSection
	GlobalSection(ProjectConfigurationPlatforms) = postSolution
		{1F372260-F8A1-48E3-85F2-2E97DCF2CD47}.Debug|Any CPU.ActiveCfg = Debug|Any CPU
		{1F372260-F8A1-48E3-85F2-2E97DCF2CD47}.Debug|Any CPU.Build.0 = Debug|Any CPU
		{1F372260-F8A1-48E3-85F2-2E97DCF2CD47}.Release|Any CPU.ActiveCfg = Release|Any CPU
		{1F372260-F8A1-48E3-85F2-2E97DCF2CD47}.Release|Any CPU.Build.0 = Release|Any CPU
		{4215DC0C-4DD5-43D3-AF95-EE51B4C3543F}.Debug|Any CPU.ActiveCfg = Debug|Any CPU
		{4215DC0C-4DD5-43D3-AF95-EE51B4C3543F}.Debug|Any CPU.Build.0 = Debug|Any CPU
		{4215DC0C-4DD5-43D3-AF95-EE51B4C3543F}.Release|Any CPU.ActiveCfg = Release|Any CPU
		{4215DC0C-4DD5-43D3-AF95-EE51B4C3543F}.Release|Any CPU.Build.0 = Release|Any CPU
		{439117C2-8482-4602-9857-744DC7EB97DA}.Debug|Any CPU.ActiveCfg = Debug|Any CPU
		{439117C2-8482-4602-9857-744DC7EB97DA}.Debug|Any CPU.Build.0 = Debug|Any CPU
		{439117C2-8482-4602-9857-744DC7EB97DA}.Release|Any CPU.ActiveCfg = Release|Any CPU
		{439117C2-8482-4602-9857-744DC7EB97DA}.Release|Any CPU.Build.0 = Release|Any CPU
		{2EF89708-6120-4077-BEC8-FEF8380AC1FE}.Debug|Any CPU.ActiveCfg = Debug|Any CPU
		{2EF89708-6120-4077-BEC8-FEF8380AC1FE}.Debug|Any CPU.Build.0 = Debug|Any CPU
		{2EF89708-6120-4077-BEC8-FEF8380AC1FE}.Release|Any CPU.ActiveCfg = Release|Any CPU
		{2EF89708-6120-4077-BEC8-FEF8380AC1FE}.Release|Any CPU.Build.0 = Release|Any CPU
		{EEF9625A-5BE8-48B8-9722-7E3A684AAE1C}.Debug|Any CPU.ActiveCfg = Debug|Any CPU
		{EEF9625A-5BE8-48B8-9722-7E3A684AAE1C}.Debug|Any CPU.Build.0 = Debug|Any CPU
		{EEF9625A-5BE8-48B8-9722-7E3A684AAE1C}.Release|Any CPU.ActiveCfg = Release|Any CPU
		{EEF9625A-5BE8-48B8-9722-7E3A684AAE1C}.Release|Any CPU.Build.0 = Release|Any CPU
		{50A90EF3-B799-47AE-AC27-DBCF2AB53E39}.Debug|Any CPU.ActiveCfg = Debug|Any CPU
		{50A90EF3-B799-47AE-AC27-DBCF2AB53E39}.Debug|Any CPU.Build.0 = Debug|Any CPU
		{50A90EF3-B799-47AE-AC27-DBCF2AB53E39}.Release|Any CPU.ActiveCfg = Release|Any CPU
		{50A90EF3-B799-47AE-AC27-DBCF2AB53E39}.Release|Any CPU.Build.0 = Release|Any CPU
	EndGlobalSection
	GlobalSection(SolutionProperties) = preSolution
		HideSolutionNode = FALSE
	EndGlobalSection
	GlobalSection(ExtensibilityGlobals) = postSolution
		SolutionGuid = {0AD7AEEB-CB25-4DAD-9C1A-30E6A5DE67E1}
	EndGlobalSection
EndGlobal
